PODS:
  - MobileAnalyticsChartSwift (1.1.0)
  - SwiftLint (0.27.0)

DEPENDENCIES:
  - MobileAnalyticsChartSwift (from `./`)
  - SwiftLint (~> 0.27.0)

SPEC REPOS:
  https://github.com/CocoaPods/Specs.git:
    - SwiftLint

EXTERNAL SOURCES:
  MobileAnalyticsChartSwift:
    :path: "./"

SPEC CHECKSUMS:
  MobileAnalyticsChartSwift: 5cc1bbb4b0eb97815f313a14cae8abd3e65ac741
  SwiftLint: 3207c1faa2240bf8973b191820a116113cd11073

PODFILE CHECKSUM: 31d319b88d1ce01558e41645a4f93f2a9519396b

COCOAPODS: 1.9.3
